// !$*UTF8*$!
{
	archiveVersion = 1;
	classes = {
	};
	objectVersion = 50;
	objects = {

/* Begin PBXBuildFile section */
		3A4834CF21CC757F00D28416 /* Marvel_logo.jpg in Resources */ = {isa = PBXBuildFile; fileRef = 3A4834CE21CC757F00D28416 /* Marvel_logo.jpg */; };
		3A4834D121CC75A300D28416 /* MarvelService.swift in Sources */ = {isa = PBXBuildFile; fileRef = 3A4834D021CC75A300D28416 /* MarvelService.swift */; };
		3A4834D321CC75CC00D28416 /* MarvelHeroModel.swift in Sources */ = {isa = PBXBuildFile; fileRef = 3A4834D221CC75CC00D28416 /* MarvelHeroModel.swift */; };
		3A4834D521CC761B00D28416 /* MarvelSearchTVCell.swift in Sources */ = {isa = PBXBuildFile; fileRef = 3A4834D421CC761B00D28416 /* MarvelSearchTVCell.swift */; };
		3A4834D721CC772400D28416 /* MarvelDescriptionVC.swift in Sources */ = {isa = PBXBuildFile; fileRef = 3A4834D621CC772400D28416 /* MarvelDescriptionVC.swift */; };
		3A4834D921CC774F00D28416 /* MarvelSearchVC.swift in Sources */ = {isa = PBXBuildFile; fileRef = 3A4834D821CC774F00D28416 /* MarvelSearchVC.swift */; };
		3A4834DB21CC776B00D28416 /* MarvelDescriptionViewModel.swift in Sources */ = {isa = PBXBuildFile; fileRef = 3A4834DA21CC776B00D28416 /* MarvelDescriptionViewModel.swift */; };
		3A4834DD21CC778700D28416 /* MarvelSearchViewModel.swift in Sources */ = {isa = PBXBuildFile; fileRef = 3A4834DC21CC778700D28416 /* MarvelSearchViewModel.swift */; };
		3AF9B59D21C1DDEF0096D1C3 /* AppDelegate.swift in Sources */ = {isa = PBXBuildFile; fileRef = 3AF9B59C21C1DDEF0096D1C3 /* AppDelegate.swift */; };
		3AF9B59F21C1DDEF0096D1C3 /* ViewController.swift in Sources */ = {isa = PBXBuildFile; fileRef = 3AF9B59E21C1DDEF0096D1C3 /* ViewController.swift */; };
		3AF9B5A221C1DDEF0096D1C3 /* Main.storyboard in Resources */ = {isa = PBXBuildFile; fileRef = 3AF9B5A021C1DDEF0096D1C3 /* Main.storyboard */; };
		3AF9B5A421C1DDF00096D1C3 /* Assets.xcassets in Resources */ = {isa = PBXBuildFile; fileRef = 3AF9B5A321C1DDF00096D1C3 /* Assets.xcassets */; };
		3AF9B5A721C1DDF00096D1C3 /* LaunchScreen.storyboard in Resources */ = {isa = PBXBuildFile; fileRef = 3AF9B5A521C1DDF00096D1C3 /* LaunchScreen.storyboard */; };
		3AF9B5B721C1E0C70096D1C3 /* AppDefinition.swift in Sources */ = {isa = PBXBuildFile; fileRef = 3AF9B5B621C1E0C70096D1C3 /* AppDefinition.swift */; };
		9005716B9B42E868A65FF0AC /* Pods_RxSwiftMVVM.framework in Frameworks */ = {isa = PBXBuildFile; fileRef = EABD88FABAB27129E8DD339D /* Pods_RxSwiftMVVM.framework */; };
		ED8583442259C6F000CACD59 /* MarvelSearchTVCellViewModel.swift in Sources */ = {isa = PBXBuildFile; fileRef = ED8583432259C6F000CACD59 /* MarvelSearchTVCellViewModel.swift */; };
		ED8583472259DE9500CACD59 /* MarvelSearchNavigator.swift in Sources */ = {isa = PBXBuildFile; fileRef = ED8583462259DE9500CACD59 /* MarvelSearchNavigator.swift */; };
		ED858349225A384500CACD59 /* NavigationController.swift in Sources */ = {isa = PBXBuildFile; fileRef = ED858348225A384500CACD59 /* NavigationController.swift */; };
		ED85834C225A3EF900CACD59 /* ObservableType-Extension.swift in Sources */ = {isa = PBXBuildFile; fileRef = ED85834B225A3EF900CACD59 /* ObservableType-Extension.swift */; };
/* End PBXBuildFile section */

/* Begin PBXFileReference section */
		3A4834CE21CC757F00D28416 /* Marvel_logo.jpg */ = {isa = PBXFileReference; lastKnownFileType = image.jpeg; path = Marvel_logo.jpg; sourceTree = "<group>"; };
		3A4834D021CC75A300D28416 /* MarvelService.swift */ = {isa = PBXFileReference; lastKnownFileType = sourcecode.swift; path = MarvelService.swift; sourceTree = "<group>"; };
		3A4834D221CC75CC00D28416 /* MarvelHeroModel.swift */ = {isa = PBXFileReference; lastKnownFileType = sourcecode.swift; path = MarvelHeroModel.swift; sourceTree = "<group>"; };
		3A4834D421CC761B00D28416 /* MarvelSearchTVCell.swift */ = {isa = PBXFileReference; lastKnownFileType = sourcecode.swift; path = MarvelSearchTVCell.swift; sourceTree = "<group>"; };
		3A4834D621CC772400D28416 /* MarvelDescriptionVC.swift */ = {isa = PBXFileReference; lastKnownFileType = sourcecode.swift; path = MarvelDescriptionVC.swift; sourceTree = "<group>"; };
		3A4834D821CC774F00D28416 /* MarvelSearchVC.swift */ = {isa = PBXFileReference; lastKnownFileType = sourcecode.swift; path = MarvelSearchVC.swift; sourceTree = "<group>"; };
		3A4834DA21CC776B00D28416 /* MarvelDescriptionViewModel.swift */ = {isa = PBXFileReference; lastKnownFileType = sourcecode.swift; path = MarvelDescriptionViewModel.swift; sourceTree = "<group>"; };
		3A4834DC21CC778700D28416 /* MarvelSearchViewModel.swift */ = {isa = PBXFileReference; lastKnownFileType = sourcecode.swift; path = MarvelSearchViewModel.swift; sourceTree = "<group>"; };
		3AF9B59921C1DDEF0096D1C3 /* RxSwiftMVVM.app */ = {isa = PBXFileReference; explicitFileType = wrapper.application; includeInIndex = 0; path = RxSwiftMVVM.app; sourceTree = BUILT_PRODUCTS_DIR; };
		3AF9B59C21C1DDEF0096D1C3 /* AppDelegate.swift */ = {isa = PBXFileReference; lastKnownFileType = sourcecode.swift; path = AppDelegate.swift; sourceTree = "<group>"; };
		3AF9B59E21C1DDEF0096D1C3 /* ViewController.swift */ = {isa = PBXFileReference; lastKnownFileType = sourcecode.swift; path = ViewController.swift; sourceTree = "<group>"; };
		3AF9B5A121C1DDEF0096D1C3 /* Base */ = {isa = PBXFileReference; lastKnownFileType = file.storyboard; name = Base; path = Base.lproj/Main.storyboard; sourceTree = "<group>"; };
		3AF9B5A321C1DDF00096D1C3 /* Assets.xcassets */ = {isa = PBXFileReference; lastKnownFileType = folder.assetcatalog; path = Assets.xcassets; sourceTree = "<group>"; };
		3AF9B5A621C1DDF00096D1C3 /* Base */ = {isa = PBXFileReference; lastKnownFileType = file.storyboard; name = Base; path = Base.lproj/LaunchScreen.storyboard; sourceTree = "<group>"; };
		3AF9B5A821C1DDF00096D1C3 /* Info.plist */ = {isa = PBXFileReference; lastKnownFileType = text.plist.xml; path = Info.plist; sourceTree = "<group>"; };
		3AF9B5B621C1E0C70096D1C3 /* AppDefinition.swift */ = {isa = PBXFileReference; lastKnownFileType = sourcecode.swift; path = AppDefinition.swift; sourceTree = "<group>"; };
		67571DE271057B2FA35AE281 /* Pods-RxSwiftMVVM.release.xcconfig */ = {isa = PBXFileReference; includeInIndex = 1; lastKnownFileType = text.xcconfig; name = "Pods-RxSwiftMVVM.release.xcconfig"; path = "Pods/Target Support Files/Pods-RxSwiftMVVM/Pods-RxSwiftMVVM.release.xcconfig"; sourceTree = "<group>"; };
		6D930388EAA07CACC8BBAF61 /* Pods-RxSwiftMVVM.debug.xcconfig */ = {isa = PBXFileReference; includeInIndex = 1; lastKnownFileType = text.xcconfig; name = "Pods-RxSwiftMVVM.debug.xcconfig"; path = "Pods/Target Support Files/Pods-RxSwiftMVVM/Pods-RxSwiftMVVM.debug.xcconfig"; sourceTree = "<group>"; };
		EABD88FABAB27129E8DD339D /* Pods_RxSwiftMVVM.framework */ = {isa = PBXFileReference; explicitFileType = wrapper.framework; includeInIndex = 0; path = Pods_RxSwiftMVVM.framework; sourceTree = BUILT_PRODUCTS_DIR; };
		ED8583432259C6F000CACD59 /* MarvelSearchTVCellViewModel.swift */ = {isa = PBXFileReference; lastKnownFileType = sourcecode.swift; path = MarvelSearchTVCellViewModel.swift; sourceTree = "<group>"; };
		ED8583462259DE9500CACD59 /* MarvelSearchNavigator.swift */ = {isa = PBXFileReference; lastKnownFileType = sourcecode.swift; path = MarvelSearchNavigator.swift; sourceTree = "<group>"; };
		ED858348225A384500CACD59 /* NavigationController.swift */ = {isa = PBXFileReference; lastKnownFileType = sourcecode.swift; path = NavigationController.swift; sourceTree = "<group>"; };
		ED85834B225A3EF900CACD59 /* ObservableType-Extension.swift */ = {isa = PBXFileReference; lastKnownFileType = sourcecode.swift; path = "ObservableType-Extension.swift"; sourceTree = "<group>"; };
/* End PBXFileReference section */

/* Begin PBXFrameworksBuildPhase section */
		3AF9B59621C1DDEF0096D1C3 /* Frameworks */ = {
			isa = PBXFrameworksBuildPhase;
			buildActionMask = 2147483647;
			files = (
				9005716B9B42E868A65FF0AC /* Pods_RxSwiftMVVM.framework in Frameworks */,
			);
			runOnlyForDeploymentPostprocessing = 0;
		};
/* End PBXFrameworksBuildPhase section */

/* Begin PBXGroup section */
		08F57457C4198AD88556BBBC /* Pods */ = {
			isa = PBXGroup;
			children = (
				6D930388EAA07CACC8BBAF61 /* Pods-RxSwiftMVVM.debug.xcconfig */,
				67571DE271057B2FA35AE281 /* Pods-RxSwiftMVVM.release.xcconfig */,
			);
			name = Pods;
			sourceTree = "<group>";
		};
		3A4834CD21CC750800D28416 /* Resource */ = {
			isa = PBXGroup;
			children = (
				3A4834CE21CC757F00D28416 /* Marvel_logo.jpg */,
			);
			path = Resource;
			sourceTree = "<group>";
		};
		3AF9B59021C1DDEF0096D1C3 = {
			isa = PBXGroup;
			children = (
				3AF9B59B21C1DDEF0096D1C3 /* RxSwiftMVVM */,
				3AF9B59A21C1DDEF0096D1C3 /* Products */,
				08F57457C4198AD88556BBBC /* Pods */,
				916E1CE61F54C2E98E75B742 /* Frameworks */,
			);
			sourceTree = "<group>";
		};
		3AF9B59A21C1DDEF0096D1C3 /* Products */ = {
			isa = PBXGroup;
			children = (
				3AF9B59921C1DDEF0096D1C3 /* RxSwiftMVVM.app */,
			);
			name = Products;
			sourceTree = "<group>";
		};
		3AF9B59B21C1DDEF0096D1C3 /* RxSwiftMVVM */ = {
			isa = PBXGroup;
			children = (
				3AF9B5A821C1DDF00096D1C3 /* Info.plist */,
				3AF9B59C21C1DDEF0096D1C3 /* AppDelegate.swift */,
				ED858348225A384500CACD59 /* NavigationController.swift */,
				3AF9B59E21C1DDEF0096D1C3 /* ViewController.swift */,
				3AF9B5A321C1DDF00096D1C3 /* Assets.xcassets */,
				3AF9B5B321C1DF220096D1C3 /* Const */,
				ED85834A225A3ED800CACD59 /* Extension */,
				3AF9B5A521C1DDF00096D1C3 /* LaunchScreen.storyboard */,
				3AF9B5A021C1DDEF0096D1C3 /* Main.storyboard */,
				3AF9B5B121C1DF0A0096D1C3 /* Model */,
				ED8583452259DE5F00CACD59 /* Navigator */,
				3A4834CD21CC750800D28416 /* Resource */,
				3AF9B5B221C1DF150096D1C3 /* Service */,
				3AF9B5B021C1DF050096D1C3 /* View */,
				3AF9B5AE21C1DEF40096D1C3 /* ViewController */,
				3AF9B5AF21C1DEFD0096D1C3 /* ViewModel */,
			);
			path = RxSwiftMVVM;
			sourceTree = "<group>";
		};
		3AF9B5AE21C1DEF40096D1C3 /* ViewController */ = {
			isa = PBXGroup;
			children = (
				3A4834D621CC772400D28416 /* MarvelDescriptionVC.swift */,
				3A4834D821CC774F00D28416 /* MarvelSearchVC.swift */,
			);
			path = ViewController;
			sourceTree = "<group>";
		};
		3AF9B5AF21C1DEFD0096D1C3 /* ViewModel */ = {
			isa = PBXGroup;
			children = (
				3A4834DA21CC776B00D28416 /* MarvelDescriptionViewModel.swift */,
				3A4834DC21CC778700D28416 /* MarvelSearchViewModel.swift */,
				ED8583432259C6F000CACD59 /* MarvelSearchTVCellViewModel.swift */,
			);
			path = ViewModel;
			sourceTree = "<group>";
		};
		3AF9B5B021C1DF050096D1C3 /* View */ = {
			isa = PBXGroup;
			children = (
				3A4834D421CC761B00D28416 /* MarvelSearchTVCell.swift */,
			);
			path = View;
			sourceTree = "<group>";
		};
		3AF9B5B121C1DF0A0096D1C3 /* Model */ = {
			isa = PBXGroup;
			children = (
				3A4834D221CC75CC00D28416 /* MarvelHeroModel.swift */,
			);
			path = Model;
			sourceTree = "<group>";
		};
		3AF9B5B221C1DF150096D1C3 /* Service */ = {
			isa = PBXGroup;
			children = (
				3A4834D021CC75A300D28416 /* MarvelService.swift */,
			);
			path = Service;
			sourceTree = "<group>";
		};
		3AF9B5B321C1DF220096D1C3 /* Const */ = {
			isa = PBXGroup;
			children = (
				3AF9B5B621C1E0C70096D1C3 /* AppDefinition.swift */,
			);
			path = Const;
			sourceTree = "<group>";
		};
		916E1CE61F54C2E98E75B742 /* Frameworks */ = {
			isa = PBXGroup;
			children = (
				EABD88FABAB27129E8DD339D /* Pods_RxSwiftMVVM.framework */,
			);
			name = Frameworks;
			sourceTree = "<group>";
		};
		ED8583452259DE5F00CACD59 /* Navigator */ = {
			isa = PBXGroup;
			children = (
				ED8583462259DE9500CACD59 /* MarvelSearchNavigator.swift */,
			);
			path = Navigator;
			sourceTree = "<group>";
		};
		ED85834A225A3ED800CACD59 /* Extension */ = {
			isa = PBXGroup;
			children = (
				ED85834B225A3EF900CACD59 /* ObservableType-Extension.swift */,
			);
			path = Extension;
			sourceTree = "<group>";
		};
/* End PBXGroup section */

/* Begin PBXNativeTarget section */
		3AF9B59821C1DDEF0096D1C3 /* RxSwiftMVVM */ = {
			isa = PBXNativeTarget;
			buildConfigurationList = 3AF9B5AB21C1DDF00096D1C3 /* Build configuration list for PBXNativeTarget "RxSwiftMVVM" */;
			buildPhases = (
				A787573E3CFE222944E0F04D /* [CP] Check Pods Manifest.lock */,
				3AF9B59521C1DDEF0096D1C3 /* Sources */,
				3AF9B59621C1DDEF0096D1C3 /* Frameworks */,
				3AF9B59721C1DDEF0096D1C3 /* Resources */,
				49C3794F2E75DB18311E7CC7 /* [CP] Embed Pods Frameworks */,
			);
			buildRules = (
			);
			dependencies = (
			);
			name = RxSwiftMVVM;
			productName = RxSwiftMVVM;
			productReference = 3AF9B59921C1DDEF0096D1C3 /* RxSwiftMVVM.app */;
			productType = "com.apple.product-type.application";
		};
/* End PBXNativeTarget section */

/* Begin PBXProject section */
		3AF9B59121C1DDEF0096D1C3 /* Project object */ = {
			isa = PBXProject;
			attributes = {
				LastSwiftUpdateCheck = 1010;
				LastUpgradeCheck = 1010;
				ORGANIZATIONNAME = cashwalk;
				TargetAttributes = {
					3AF9B59821C1DDEF0096D1C3 = {
						CreatedOnToolsVersion = 10.1;
					};
				};
			};
			buildConfigurationList = 3AF9B59421C1DDEF0096D1C3 /* Build configuration list for PBXProject "RxSwiftMVVM" */;
			compatibilityVersion = "Xcode 9.3";
			developmentRegion = en;
			hasScannedForEncodings = 0;
			knownRegions = (
				en,
				Base,
			);
			mainGroup = 3AF9B59021C1DDEF0096D1C3;
			productRefGroup = 3AF9B59A21C1DDEF0096D1C3 /* Products */;
			projectDirPath = "";
			projectRoot = "";
			targets = (
				3AF9B59821C1DDEF0096D1C3 /* RxSwiftMVVM */,
			);
		};
/* End PBXProject section */

/* Begin PBXResourcesBuildPhase section */
		3AF9B59721C1DDEF0096D1C3 /* Resources */ = {
			isa = PBXResourcesBuildPhase;
			buildActionMask = 2147483647;
			files = (
				3AF9B5A721C1DDF00096D1C3 /* LaunchScreen.storyboard in Resources */,
				3A4834CF21CC757F00D28416 /* Marvel_logo.jpg in Resources */,
				3AF9B5A421C1DDF00096D1C3 /* Assets.xcassets in Resources */,
				3AF9B5A221C1DDEF0096D1C3 /* Main.storyboard in Resources */,
			);
			runOnlyForDeploymentPostprocessing = 0;
		};
/* End PBXResourcesBuildPhase section */

/* Begin PBXShellScriptBuildPhase section */
		49C3794F2E75DB18311E7CC7 /* [CP] Embed Pods Frameworks */ = {
			isa = PBXShellScriptBuildPhase;
			buildActionMask = 2147483647;
			files = (
			);
			inputPaths = (
				"${SRCROOT}/Pods/Target Support Files/Pods-RxSwiftMVVM/Pods-RxSwiftMVVM-frameworks.sh",
				"${BUILT_PRODUCTS_DIR}/Alamofire/Alamofire.framework",
				"${BUILT_PRODUCTS_DIR}/CryptoSwift/CryptoSwift.framework",
				"${BUILT_PRODUCTS_DIR}/Kingfisher/Kingfisher.framework",
				"${BUILT_PRODUCTS_DIR}/Result/Result.framework",
				"${BUILT_PRODUCTS_DIR}/RxAtomic/RxAtomic.framework",
				"${BUILT_PRODUCTS_DIR}/RxCocoa/RxCocoa.framework",
				"${BUILT_PRODUCTS_DIR}/RxSwift/RxSwift.framework",
				"${BUILT_PRODUCTS_DIR}/SwiftyJSON/SwiftyJSON.framework",
				"${BUILT_PRODUCTS_DIR}/Then/Then.framework",
			);
			name = "[CP] Embed Pods Frameworks";
			outputPaths = (
				"${TARGET_BUILD_DIR}/${FRAMEWORKS_FOLDER_PATH}/Alamofire.framework",
				"${TARGET_BUILD_DIR}/${FRAMEWORKS_FOLDER_PATH}/CryptoSwift.framework",
				"${TARGET_BUILD_DIR}/${FRAMEWORKS_FOLDER_PATH}/Kingfisher.framework",
				"${TARGET_BUILD_DIR}/${FRAMEWORKS_FOLDER_PATH}/Result.framework",
				"${TARGET_BUILD_DIR}/${FRAMEWORKS_FOLDER_PATH}/RxAtomic.framework",
				"${TARGET_BUILD_DIR}/${FRAMEWORKS_FOLDER_PATH}/RxCocoa.framework",
				"${TARGET_BUILD_DIR}/${FRAMEWORKS_FOLDER_PATH}/RxSwift.framework",
				"${TARGET_BUILD_DIR}/${FRAMEWORKS_FOLDER_PATH}/SwiftyJSON.framework",
				"${TARGET_BUILD_DIR}/${FRAMEWORKS_FOLDER_PATH}/Then.framework",
			);
			runOnlyForDeploymentPostprocessing = 0;
			shellPath = /bin/sh;
			shellScript = "\"${SRCROOT}/Pods/Target Support Files/Pods-RxSwiftMVVM/Pods-RxSwiftMVVM-frameworks.sh\"\n";
			showEnvVarsInLog = 0;
		};
		A787573E3CFE222944E0F04D /* [CP] Check Pods Manifest.lock */ = {
			isa = PBXShellScriptBuildPhase;
			buildActionMask = 2147483647;
			files = (
			);
			inputPaths = (
				"${PODS_PODFILE_DIR_PATH}/Podfile.lock",
				"${PODS_ROOT}/Manifest.lock",
			);
			name = "[CP] Check Pods Manifest.lock";
			outputPaths = (
				"$(DERIVED_FILE_DIR)/Pods-RxSwiftMVVM-checkManifestLockResult.txt",
			);
			runOnlyForDeploymentPostprocessing = 0;
			shellPath = /bin/sh;
			shellScript = "diff \"${PODS_PODFILE_DIR_PATH}/Podfile.lock\" \"${PODS_ROOT}/Manifest.lock\" > /dev/null\nif [ $? != 0 ] ; then\n    # print error to STDERR\n    echo \"error: The sandbox is not in sync with the Podfile.lock. Run 'pod install' or update your CocoaPods installation.\" >&2\n    exit 1\nfi\n# This output is used by Xcode 'outputs' to avoid re-running this script phase.\necho \"SUCCESS\" > \"${SCRIPT_OUTPUT_FILE_0}\"\n";
			showEnvVarsInLog = 0;
		};
/* End PBXShellScriptBuildPhase section */

/* Begin PBXSourcesBuildPhase section */
		3AF9B59521C1DDEF0096D1C3 /* Sources */ = {
			isa = PBXSourcesBuildPhase;
			buildActionMask = 2147483647;
			files = (
				3A4834DB21CC776B00D28416 /* MarvelDescriptionViewModel.swift in Sources */,
				ED8583442259C6F000CACD59 /* MarvelSearchTVCellViewModel.swift in Sources */,
				ED85834C225A3EF900CACD59 /* ObservableType-Extension.swift in Sources */,
				3A4834D521CC761B00D28416 /* MarvelSearchTVCell.swift in Sources */,
				3AF9B5B721C1E0C70096D1C3 /* AppDefinition.swift in Sources */,
				3A4834DD21CC778700D28416 /* MarvelSearchViewModel.swift in Sources */,
				3A4834D721CC772400D28416 /* MarvelDescriptionVC.swift in Sources */,
				ED8583472259DE9500CACD59 /* MarvelSearchNavigator.swift in Sources */,
				3AF9B59F21C1DDEF0096D1C3 /* ViewController.swift in Sources */,
				ED858349225A384500CACD59 /* NavigationController.swift in Sources */,
				3A4834D121CC75A300D28416 /* MarvelService.swift in Sources */,
				3A4834D921CC774F00D28416 /* MarvelSearchVC.swift in Sources */,
				3AF9B59D21C1DDEF0096D1C3 /* AppDelegate.swift in Sources */,
				3A4834D321CC75CC00D28416 /* MarvelHeroModel.swift in Sources */,
			);
			runOnlyForDeploymentPostprocessing = 0;
		};
/* End PBXSourcesBuildPhase section */

/* Begin PBXVariantGroup section */
		3AF9B5A021C1DDEF0096D1C3 /* Main.storyboard */ = {
			isa = PBXVariantGroup;
			children = (
				3AF9B5A121C1DDEF0096D1C3 /* Base */,
			);
			name = Main.storyboard;
			sourceTree = "<group>";
		};
		3AF9B5A521C1DDF00096D1C3 /* LaunchScreen.storyboard */ = {
			isa = PBXVariantGroup;
			children = (
				3AF9B5A621C1DDF00096D1C3 /* Base */,
			);
			name = LaunchScreen.storyboard;
			sourceTree = "<group>";
		};
/* End PBXVariantGroup section */

/* Begin XCBuildConfiguration section */
		3AF9B5A921C1DDF00096D1C3 /* Debug */ = {
			isa = XCBuildConfiguration;
			buildSettings = {
				ALWAYS_SEARCH_USER_PATHS = NO;
				CLANG_ANALYZER_NONNULL = YES;
				CLANG_ANALYZER_NUMBER_OBJECT_CONVERSION = YES_AGGRESSIVE;
				CLANG_CXX_LANGUAGE_STANDARD = "gnu++14";
				CLANG_CXX_LIBRARY = "libc++";
				CLANG_ENABLE_MODULES = YES;
				CLANG_ENABLE_OBJC_ARC = YES;
				CLANG_ENABLE_OBJC_WEAK = YES;
				CLANG_WARN_BLOCK_CAPTURE_AUTORELEASING = YES;
				CLANG_WARN_BOOL_CONVERSION = YES;
				CLANG_WARN_COMMA = YES;
				CLANG_WARN_CONSTANT_CONVERSION = YES;
				CLANG_WARN_DEPRECATED_OBJC_IMPLEMENTATIONS = YES;
				CLANG_WARN_DIRECT_OBJC_ISA_USAGE = YES_ERROR;
				CLANG_WARN_DOCUMENTATION_COMMENTS = YES;
				CLANG_WARN_EMPTY_BODY = YES;
				CLANG_WARN_ENUM_CONVERSION = YES;
				CLANG_WARN_INFINITE_RECURSION = YES;
				CLANG_WARN_INT_CONVERSION = YES;
				CLANG_WARN_NON_LITERAL_NULL_CONVERSION = YES;
				CLANG_WARN_OBJC_IMPLICIT_RETAIN_SELF = YES;
				CLANG_WARN_OBJC_LITERAL_CONVERSION = YES;
				CLANG_WARN_OBJC_ROOT_CLASS = YES_ERROR;
				CLANG_WARN_RANGE_LOOP_ANALYSIS = YES;
				CLANG_WARN_STRICT_PROTOTYPES = YES;
				CLANG_WARN_SUSPICIOUS_MOVE = YES;
				CLANG_WARN_UNGUARDED_AVAILABILITY = YES_AGGRESSIVE;
				CLANG_WARN_UNREACHABLE_CODE = YES;
				CLANG_WARN__DUPLICATE_METHOD_MATCH = YES;
				CODE_SIGN_IDENTITY = "iPhone Developer";
				COPY_PHASE_STRIP = NO;
				DEBUG_INFORMATION_FORMAT = dwarf;
				ENABLE_STRICT_OBJC_MSGSEND = YES;
				ENABLE_TESTABILITY = YES;
				GCC_C_LANGUAGE_STANDARD = gnu11;
				GCC_DYNAMIC_NO_PIC = NO;
				GCC_NO_COMMON_BLOCKS = YES;
				GCC_OPTIMIZATION_LEVEL = 0;
				GCC_PREPROCESSOR_DEFINITIONS = (
					"DEBUG=1",
					"$(inherited)",
				);
				GCC_WARN_64_TO_32_BIT_CONVERSION = YES;
				GCC_WARN_ABOUT_RETURN_TYPE = YES_ERROR;
				GCC_WARN_UNDECLARED_SELECTOR = YES;
				GCC_WARN_UNINITIALIZED_AUTOS = YES_AGGRESSIVE;
				GCC_WARN_UNUSED_FUNCTION = YES;
				GCC_WARN_UNUSED_VARIABLE = YES;
				IPHONEOS_DEPLOYMENT_TARGET = 12.1;
				MTL_ENABLE_DEBUG_INFO = INCLUDE_SOURCE;
				MTL_FAST_MATH = YES;
				ONLY_ACTIVE_ARCH = YES;
				SDKROOT = iphoneos;
				SWIFT_ACTIVE_COMPILATION_CONDITIONS = DEBUG;
				SWIFT_OPTIMIZATION_LEVEL = "-Onone";
			};
			name = Debug;
		};
		3AF9B5AA21C1DDF00096D1C3 /* Release */ = {
			isa = XCBuildConfiguration;
			buildSettings = {
				ALWAYS_SEARCH_USER_PATHS = NO;
				CLANG_ANALYZER_NONNULL = YES;
				CLANG_ANALYZER_NUMBER_OBJECT_CONVERSION = YES_AGGRESSIVE;
				CLANG_CXX_LANGUAGE_STANDARD = "gnu++14";
				CLANG_CXX_LIBRARY = "libc++";
				CLANG_ENABLE_MODULES = YES;
				CLANG_ENABLE_OBJC_ARC = YES;
				CLANG_ENABLE_OBJC_WEAK = YES;
				CLANG_WARN_BLOCK_CAPTURE_AUTORELEASING = YES;
				CLANG_WARN_BOOL_CONVERSION = YES;
				CLANG_WARN_COMMA = YES;
				CLANG_WARN_CONSTANT_CONVERSION = YES;
				CLANG_WARN_DEPRECATED_OBJC_IMPLEMENTATIONS = YES;
				CLANG_WARN_DIRECT_OBJC_ISA_USAGE = YES_ERROR;
				CLANG_WARN_DOCUMENTATION_COMMENTS = YES;
				CLANG_WARN_EMPTY_BODY = YES;
				CLANG_WARN_ENUM_CONVERSION = YES;
				CLANG_WARN_INFINITE_RECURSION = YES;
				CLANG_WARN_INT_CONVERSION = YES;
				CLANG_WARN_NON_LITERAL_NULL_CONVERSION = YES;
				CLANG_WARN_OBJC_IMPLICIT_RETAIN_SELF = YES;
				CLANG_WARN_OBJC_LITERAL_CONVERSION = YES;
				CLANG_WARN_OBJC_ROOT_CLASS = YES_ERROR;
				CLANG_WARN_RANGE_LOOP_ANALYSIS = YES;
				CLANG_WARN_STRICT_PROTOTYPES = YES;
				CLANG_WARN_SUSPICIOUS_MOVE = YES;
				CLANG_WARN_UNGUARDED_AVAILABILITY = YES_AGGRESSIVE;
				CLANG_WARN_UNREACHABLE_CODE = YES;
				CLANG_WARN__DUPLICATE_METHOD_MATCH = YES;
				CODE_SIGN_IDENTITY = "iPhone Developer";
				COPY_PHASE_STRIP = NO;
				DEBUG_INFORMATION_FORMAT = "dwarf-with-dsym";
				ENABLE_NS_ASSERTIONS = NO;
				ENABLE_STRICT_OBJC_MSGSEND = YES;
				GCC_C_LANGUAGE_STANDARD = gnu11;
				GCC_NO_COMMON_BLOCKS = YES;
				GCC_WARN_64_TO_32_BIT_CONVERSION = YES;
				GCC_WARN_ABOUT_RETURN_TYPE = YES_ERROR;
				GCC_WARN_UNDECLARED_SELECTOR = YES;
				GCC_WARN_UNINITIALIZED_AUTOS = YES_AGGRESSIVE;
				GCC_WARN_UNUSED_FUNCTION = YES;
				GCC_WARN_UNUSED_VARIABLE = YES;
				IPHONEOS_DEPLOYMENT_TARGET = 12.1;
				MTL_ENABLE_DEBUG_INFO = NO;
				MTL_FAST_MATH = YES;
				SDKROOT = iphoneos;
				SWIFT_COMPILATION_MODE = wholemodule;
				SWIFT_OPTIMIZATION_LEVEL = "-O";
				VALIDATE_PRODUCT = YES;
			};
			name = Release;
		};
		3AF9B5AC21C1DDF00096D1C3 /* Debug */ = {
			isa = XCBuildConfiguration;
			baseConfigurationReference = 6D930388EAA07CACC8BBAF61 /* Pods-RxSwiftMVVM.debug.xcconfig */;
			buildSettings = {
				ASSETCATALOG_COMPILER_APPICON_NAME = AppIcon;
				CODE_SIGN_STYLE = Automatic;
				DEVELOPMENT_TEAM = "";
				INFOPLIST_FILE = RxSwiftMVVM/Info.plist;
				IPHONEOS_DEPLOYMENT_TARGET = 10.0;
				LD_RUNPATH_SEARCH_PATHS = (
					"$(inherited)",
					"@executable_path/Frameworks",
				);
				PRODUCT_BUNDLE_IDENTIFIER = io.cashawalk.RxSwiftMVVM;
				PRODUCT_NAME = "$(TARGET_NAME)";
				SWIFT_VERSION = 4.2;
				TARGETED_DEVICE_FAMILY = "1,2";
			};
			name = Debug;
		};
		3AF9B5AD21C1DDF00096D1C3 /* Release */ = {
			isa = XCBuildConfiguration;
			baseConfigurationReference = 67571DE271057B2FA35AE281 /* Pods-RxSwiftMVVM.release.xcconfig */;
			buildSettings = {
				ASSETCATALOG_COMPILER_APPICON_NAME = AppIcon;
				CODE_SIGN_STYLE = Automatic;
				DEVELOPMENT_TEAM = "";
				INFOPLIST_FILE = RxSwiftMVVM/Info.plist;
				IPHONEOS_DEPLOYMENT_TARGET = 10.0;
				LD_RUNPATH_SEARCH_PATHS = (
					"$(inherited)",
					"@executable_path/Frameworks",
				);
				PRODUCT_BUNDLE_IDENTIFIER = io.cashawalk.RxSwiftMVVM;
				PRODUCT_NAME = "$(TARGET_NAME)";
				SWIFT_VERSION = 4.2;
				TARGETED_DEVICE_FAMILY = "1,2";
			};
			name = Release;
		};
/* End XCBuildConfiguration section */

/* Begin XCConfigurationList section */
		3AF9B59421C1DDEF0096D1C3 /* Build configuration list for PBXProject "RxSwiftMVVM" */ = {
			isa = XCConfigurationList;
			buildConfigurations = (
				3AF9B5A921C1DDF00096D1C3 /* Debug */,
				3AF9B5AA21C1DDF00096D1C3 /* Release */,
			);
			defaultConfigurationIsVisible = 0;
			defaultConfigurationName = Release;
		};
		3AF9B5AB21C1DDF00096D1C3 /* Build configuration list for PBXNativeTarget "RxSwiftMVVM" */ = {
			isa = XCConfigurationList;
			buildConfigurations = (
				3AF9B5AC21C1DDF00096D1C3 /* Debug */,
				3AF9B5AD21C1DDF00096D1C3 /* Release */,
			);
			defaultConfigurationIsVisible = 0;
			defaultConfigurationName = Release;
		};
/* End XCConfigurationList section */
	};
	rootObject = 3AF9B59121C1DDEF0096D1C3 /* Project object */;
}
